{
    "hash": "8c7e864584e4c69447a4dc1ca687865c",
    "packages": [
        {
            "name": "wordpress/wordpress",
            "version": "3.4.2",
            "source": {
                "type": "git",
                "url": "git://github.com/WordPress/WordPress.git",
                "reference": "3.4.2"
            },
            "type": "library",
            "installation-source": "source"
        }
    ],
    "packages-dev": null,
    "aliases": [

    ],
    "minimum-stability": "stable",
    "stability-flags": {
        "automattic/_s": 20,
        "cookbooks/apache2": 20,
        "cookbooks/apt": 20,
        "cookbooks/mysql": 20,
        "cookbooks/openssl": 20,
        "cookbooks/php": 20,
        "symfony/console": 20,
        "symfony/yaml": 20
    }
}
