{
    "hash": "6c1c5b2b79c91220da1b6b38670e891e",
    "packages": [
        {
            "package": "wordpress/wordpress",
            "version": "master",
            "source-reference": "master",
            "commit-date": "1347080314"
        }
    ],
    "packages-dev": [
        {
            "package": "automattic/_s",
            "version": "master",
            "source-reference": "master",
            "commit-date": "1346394020"
        },
        {
            "package": "cookbooks/apache2",
            "version": "master",
            "source-reference": "master",
            "commit-date": "1345305048"
        },
        {
            "package": "cookbooks/apt",
            "version": "master",
            "source-reference": "master",
            "commit-date": "1346429806"
        },
        {
            "package": "cookbooks/mysql",
            "version": "master",
            "source-reference": "master",
            "commit-date": "1345305110"
        },
        {
            "package": "cookbooks/openssl",
            "version": "master",
            "source-reference": "master",
            "commit-date": "1331206930"
        },
        {
            "package": "cookbooks/php",
            "version": "master",
            "source-reference": "master",
            "commit-date": "1346384264"
        },
        {
            "package": "symfony/console",
            "version": "master",
            "source-reference": "master",
            "commit-date": "1346957130"
        },
        {
            "package": "symfony/yaml",
            "version": "master",
            "source-reference": "master",
            "commit-date": "1346957130"
        },
        {
            "package": "weierophinney/phly_mustache",
            "version": "master",
            "source-reference": "master",
            "commit-date": "1343915507"
        }
    ],
    "aliases": [

    ],
    "minimum-stability": "stable",
    "stability-flags": {
        "wordpress/wordpress": 20,
        "automattic/_s": 20,
        "cookbooks/apache2": 20,
        "cookbooks/apt": 20,
        "cookbooks/mysql": 20,
        "cookbooks/openssl": 20,
        "cookbooks/php": 20,
        "symfony/console": 20,
        "symfony/yaml": 20,
        "weierophinney/phly_mustache": 20
    }
}
