{
    "hash": "a4acccbf785d1d7243a83b8a902c23b5",
    "packages": [
        {
            "package": "wordpress/wordpress",
            "version": "master",
            "source-reference": "master",
            "commit-date": "1348149579"
        }
    ],
    "packages-dev": null,
    "aliases": [

    ],
    "minimum-stability": "stable",
    "stability-flags": {
        "wordpress/wordpress": 20,
        "automattic/_s": 20,
        "cookbooks/apache2": 20,
        "cookbooks/apt": 20,
        "cookbooks/mysql": 20,
        "cookbooks/openssl": 20,
        "cookbooks/php": 20,
        "symfony/console": 20,
        "symfony/yaml": 20
    }
}
